
Microsoft Visual Studio Solution File, Format Version 12.00
# Visual Studio 15
VisualStudioVersion = 15.0.27428.1
MinimumVisualStudioVersion = 10.0.40219.1
Project("{FAE04EC0-301F-11D3-BF4B-00C04F79EFBC}") = "KWDMpluca", "KWDMpluca\KWDMpluca.csproj", "{00127E79-C00C-4029-9BB2-391DA2751BCB}"
EndProject
Global
	GlobalSection(SolutionConfigurationPlatforms) = preSolution
		Debug|Any CPU = Debug|Any CPU
		Release|Any CPU = Release|Any CPU
	EndGlobalSection
	GlobalSection(ProjectConfigurationPlatforms) = postSolution
		{00127E79-C00C-4029-9BB2-391DA2751BCB}.Debug|Any CPU.ActiveCfg = Debug|Any CPU
		{00127E79-C00C-4029-9BB2-391DA2751BCB}.Debug|Any CPU.Build.0 = Debug|Any CPU
		{00127E79-C00C-4029-9BB2-391DA2751BCB}.Release|Any CPU.ActiveCfg = Release|Any CPU
		{00127E79-C00C-4029-9BB2-391DA2751BCB}.Release|Any CPU.Build.0 = Release|Any CPU
	EndGlobalSection
	GlobalSection(SolutionProperties) = preSolution
		HideSolutionNode = FALSE
	EndGlobalSection
	GlobalSection(ExtensibilityGlobals) = postSolution
		SolutionGuid = {AADEAA65-2A40-41A4-A8DF-5696B772463C}
	EndGlobalSection
EndGlobal
